<?xml version="1.0" encoding="utf-8"?>
<Project ToolsVersion="4.0" xmlns="http://schemas.microsoft.com/developer/msbuild/2003">
  <ItemGroup>
    <Filter Include="Source Files">
      <UniqueIdentifier>{4FC737F1-C7A5-4376-A066-2A32D752A2FF}</UniqueIdentifier>
      <Extensions>cpp;c;cc;cxx;c++;cppm;ixx;def;odl;idl;hpj;bat;asm;asmx</Extensions>
    </Filter>
    <Filter Include="Header Files">
      <UniqueIdentifier>{93995380-89BD-4b04-88EB-625FBE52EBFB}</UniqueIdentifier>
      <Extensions>h;hh;hpp;hxx;h++;hm;inl;inc;ipp;xsd</Extensions>
    </Filter>
    <Filter Include="Resource Files">
      <UniqueIdentifier>{67DA6AB6-F800-4c08-8B7A-83BB121AAD01}</UniqueIdentifier>
      <Extensions>rc;ico;cur;bmp;dlg;rc2;rct;bin;rgs;gif;jpg;jpeg;jpe;resx;tiff;tif;png;wav;mfcribbon-ms</Extensions>
    </Filter>
  </ItemGroup>
  <ItemGroup>
    <ClCompile Include="allocator.cpp">
      <Filter>Source Files</Filter>
    </ClCompile>
    <ClCompile Include="operation_not_supported.cpp">
      <Filter>Source Files</Filter>
    </ClCompile>
    <ClCompile Include="not_implemented.cpp">
      <Filter>Source Files</Filter>
    </ClCompile>
    <ClCompile Include="logger_holder.cpp">
      <Filter>Source Files</Filter>
    </ClCompile>
    <ClCompile Include="logger_concrete.cpp">
      <Filter>Source Files</Filter>
    </ClCompile>
    <ClCompile Include="logger_builder_concrete.cpp">
      <Filter>Source Files</Filter>
    </ClCompile>
    <ClCompile Include="logger_builder.cpp">
      <Filter>Source Files</Filter>
    </ClCompile>
    <ClCompile Include="logger.cpp">
      <Filter>Source Files</Filter>
    </ClCompile>
    <ClCompile Include="allocator_sorted_list.cpp">
      <Filter>Source Files</Filter>
    </ClCompile>
    <ClCompile Include="allocator_holder.cpp">
      <Filter>Source Files</Filter>
    </ClCompile>
    <ClCompile Include="Source.cpp">
      <Filter>Source Files</Filter>
    </ClCompile>
  </ItemGroup>
  <ItemGroup>
    <ClInclude Include="allocator.h">
      <Filter>Header Files</Filter>
    </ClInclude>
    <ClInclude Include="allocator_fit_allocation.h">
      <Filter>Header Files</Filter>
    </ClInclude>
    <ClInclude Include="typename_holder.h">
      <Filter>Header Files</Filter>
    </ClInclude>
    <ClInclude Include="operation_not_supported.h">
      <Filter>Header Files</Filter>
    </ClInclude>
    <ClInclude Include="not_implemented.h">
      <Filter>Header Files</Filter>
    </ClInclude>
    <ClInclude Include="logger_holder.h">
      <Filter>Header Files</Filter>
    </ClInclude>
    <ClInclude Include="logger_concrete.h">
      <Filter>Header Files</Filter>
    </ClInclude>
    <ClInclude Include="logger_builder_concrete.h">
      <Filter>Header Files</Filter>
    </ClInclude>
    <ClInclude Include="logger_builder.h">
      <Filter>Header Files</Filter>
    </ClInclude>
    <ClInclude Include="logger.h">
      <Filter>Header Files</Filter>
    </ClInclude>
    <ClInclude Include="allocator_sorted_list.h">
      <Filter>Header Files</Filter>
    </ClInclude>
    <ClInclude Include="allocator_holder.h">
      <Filter>Header Files</Filter>
    </ClInclude>
    <ClInclude Include="ordered_map.hpp">
      <Filter>Header Files</Filter>
    </ClInclude>
    <ClInclude Include="json_fwd.hpp">
      <Filter>Header Files</Filter>
    </ClInclude>
    <ClInclude Include="json.hpp">
      <Filter>Header Files</Filter>
    </ClInclude>
    <ClInclude Include="byte_container_with_subtype.hpp">
      <Filter>Header Files</Filter>
    </ClInclude>
    <ClInclude Include="adl_serializer.hpp">
      <Filter>Header Files</Filter>
    </ClInclude>
    <ClInclude Include="from_json.hpp">
      <Filter>Header Files</Filter>
    </ClInclude>
    <ClInclude Include="to_chars.hpp">
      <Filter>Header Files</Filter>
    </ClInclude>
    <ClInclude Include="to_json.hpp">
      <Filter>Header Files</Filter>
    </ClInclude>
    <ClInclude Include="binary_reader.hpp">
      <Filter>Header Files</Filter>
    </ClInclude>
    <ClInclude Include="input_adapters.hpp">
      <Filter>Header Files</Filter>
    </ClInclude>
    <ClInclude Include="json_sax.hpp">
      <Filter>Header Files</Filter>
    </ClInclude>
    <ClInclude Include="lexer.hpp">
      <Filter>Header Files</Filter>
    </ClInclude>
    <ClInclude Include="parser.hpp">
      <Filter>Header Files</Filter>
    </ClInclude>
    <ClInclude Include="position_t.hpp">
      <Filter>Header Files</Filter>
    </ClInclude>
    <ClInclude Include="internal_iterator.hpp">
      <Filter>Header Files</Filter>
    </ClInclude>
    <ClInclude Include="iter_impl.hpp">
      <Filter>Header Files</Filter>
    </ClInclude>
    <ClInclude Include="iteration_proxy.hpp">
      <Filter>Header Files</Filter>
    </ClInclude>
    <ClInclude Include="iterator_traits.hpp">
      <Filter>Header Files</Filter>
    </ClInclude>
    <ClInclude Include="json_reverse_iterator.hpp">
      <Filter>Header Files</Filter>
    </ClInclude>
    <ClInclude Include="primitive_iterator.hpp">
      <Filter>Header Files</Filter>
    </ClInclude>
    <ClInclude Include="begin.hpp">
      <Filter>Header Files</Filter>
    </ClInclude>
    <ClInclude Include="end.hpp">
      <Filter>Header Files</Filter>
    </ClInclude>
    <ClInclude Include="cpp_future.hpp">
      <Filter>Header Files</Filter>
    </ClInclude>
    <ClInclude Include="detected.hpp">
      <Filter>Header Files</Filter>
    </ClInclude>
    <ClInclude Include="identity_tag.hpp">
      <Filter>Header Files</Filter>
    </ClInclude>
    <ClInclude Include="is_sax.hpp">
      <Filter>Header Files</Filter>
    </ClInclude>
    <ClInclude Include="std_fs.hpp">
      <Filter>Header Files</Filter>
    </ClInclude>
    <ClInclude Include="type_traits.hpp">
      <Filter>Header Files</Filter>
    </ClInclude>
    <ClInclude Include="void_t.hpp">
      <Filter>Header Files</Filter>
    </ClInclude>
    <ClInclude Include="binary_writer.hpp">
      <Filter>Header Files</Filter>
    </ClInclude>
    <ClInclude Include="output_adapters.hpp">
      <Filter>Header Files</Filter>
    </ClInclude>
    <ClInclude Include="serializer.hpp">
      <Filter>Header Files</Filter>
    </ClInclude>
    <ClInclude Include="abi_macros.hpp">
      <Filter>Header Files</Filter>
    </ClInclude>
    <ClInclude Include="exceptions.hpp">
      <Filter>Header Files</Filter>
    </ClInclude>
    <ClInclude Include="hash.hpp">
      <Filter>Header Files</Filter>
    </ClInclude>
    <ClInclude Include="json_custom_base_class.hpp">
      <Filter>Header Files</Filter>
    </ClInclude>
    <ClInclude Include="json_pointer.hpp">
      <Filter>Header Files</Filter>
    </ClInclude>
    <ClInclude Include="json_ref.hpp">
      <Filter>Header Files</Filter>
    </ClInclude>
    <ClInclude Include="macro_scope.hpp">
      <Filter>Header Files</Filter>
    </ClInclude>
    <ClInclude Include="macro_unscope.hpp">
      <Filter>Header Files</Filter>
    </ClInclude>
    <ClInclude Include="string_concat.hpp">
      <Filter>Header Files</Filter>
    </ClInclude>
    <ClInclude Include="string_escape.hpp">
      <Filter>Header Files</Filter>
    </ClInclude>
    <ClInclude Include="value_t.hpp">
      <Filter>Header Files</Filter>
    </ClInclude>
    <ClInclude Include="hedley.hpp">
      <Filter>Header Files</Filter>
    </ClInclude>
    <ClInclude Include="hedley_undef.hpp">
      <Filter>Header Files</Filter>
    </ClInclude>
  </ItemGroup>
</Project>